PODS:
  - Capacitor (4.8.2):
    - CapacitorCordova
  - CapacitorCordova (4.8.2)

DEPENDENCIES:
  - "Capacitor (from `../../node_modules/@capacitor/ios`)"
  - "CapacitorCordova (from `../../node_modules/@capacitor/ios`)"

EXTERNAL SOURCES:
  Capacitor:
    :path: "../../node_modules/@capacitor/ios"
  CapacitorCordova:
    :path: "../../node_modules/@capacitor/ios"

SPEC CHECKSUMS:
  Capacitor: ef76a864ec7312a18f1f3b0e65e50fc3cbb5a32e
  CapacitorCordova: a054c9999d25efd22fed1a5c8945fe9a2a43bc56

PODFILE CHECKSUM: e5aad413742a07f9e736126612b43b6c058babcd

COCOAPODS: 1.16.2
